// !$*UTF8*$!
{
	archiveVersion = 1;
	classes = {
	};
	objectVersion = 46;
	objects = {

/* Begin PBXBuildFile section */
		3C1893D71BC0B2A600AEA9DD /* AppDelegate.swift in Sources */ = {isa = PBXBuildFile; fileRef = 3C1893D61BC0B2A600AEA9DD /* AppDelegate.swift */; };
		3C1893D91BC0B2A600AEA9DD /* ViewController.swift in Sources */ = {isa = PBXBuildFile; fileRef = 3C1893D81BC0B2A600AEA9DD /* ViewController.swift */; };
		3C1893DC1BC0B2A600AEA9DD /* Main.storyboard in Resources */ = {isa = PBXBuildFile; fileRef = 3C1893DA1BC0B2A600AEA9DD /* Main.storyboard */; };
		3C1893DE1BC0B2A600AEA9DD /* Assets.xcassets in Resources */ = {isa = PBXBuildFile; fileRef = 3C1893DD1BC0B2A600AEA9DD /* Assets.xcassets */; };
		3C1893E11BC0B2A600AEA9DD /* LaunchScreen.storyboard in Resources */ = {isa = PBXBuildFile; fileRef = 3C1893DF1BC0B2A600AEA9DD /* LaunchScreen.storyboard */; };
		3C1893EC1BC0B2A600AEA9DD /* HelloTests.swift in Sources */ = {isa = PBXBuildFile; fileRef = 3C1893EB1BC0B2A600AEA9DD /* HelloTests.swift */; };
		3C1893F71BC0B2A600AEA9DD /* HelloUITests.swift in Sources */ = {isa = PBXBuildFile; fileRef = 3C1893F61BC0B2A600AEA9DD /* HelloUITests.swift */; };
/* End PBXBuildFile section */

/* Begin PBXContainerItemProxy section */
		3C1893E81BC0B2A600AEA9DD /* PBXContainerItemProxy */ = {
			isa = PBXContainerItemProxy;
			containerPortal = 3C1893CB1BC0B2A500AEA9DD /* Project object */;
			proxyType = 1;
			remoteGlobalIDString = 3C1893D21BC0B2A600AEA9DD;
			remoteInfo = Hello;
		};
		3C1893F31BC0B2A600AEA9DD /* PBXContainerItemProxy */ = {
			isa = PBXContainerItemProxy;
			containerPortal = 3C1893CB1BC0B2A500AEA9DD /* Project object */;
			proxyType = 1;
			remoteGlobalIDString = 3C1893D21BC0B2A600AEA9DD;
			remoteInfo = Hello;
		};
/* End PBXContainerItemProxy section */

/* Begin PBXFileReference section */
		3C1893D31BC0B2A600AEA9DD /* Hello.app */ = {isa = PBXFileReference; explicitFileType = wrapper.application; includeInIndex = 0; path = Hello.app; sourceTree = BUILT_PRODUCTS_DIR; };
		3C1893D61BC0B2A600AEA9DD /* AppDelegate.swift */ = {isa = PBXFileReference; lastKnownFileType = sourcecode.swift; path = AppDelegate.swift; sourceTree = "<group>"; };
		3C1893D81BC0B2A600AEA9DD /* ViewController.swift */ = {isa = PBXFileReference; lastKnownFileType = sourcecode.swift; path = ViewController.swift; sourceTree = "<group>"; };
		3C1893DB1BC0B2A600AEA9DD /* Base */ = {isa = PBXFileReference; lastKnownFileType = file.storyboard; name = Base; path = Base.lproj/Main.storyboard; sourceTree = "<group>"; };
		3C1893DD1BC0B2A600AEA9DD /* Assets.xcassets */ = {isa = PBXFileReference; lastKnownFileType = folder.assetcatalog; path = Assets.xcassets; sourceTree = "<group>"; };
		3C1893E01BC0B2A600AEA9DD /* Base */ = {isa = PBXFileReference; lastKnownFileType = file.storyboard; name = Base; path = Base.lproj/LaunchScreen.storyboard; sourceTree = "<group>"; };
		3C1893E21BC0B2A600AEA9DD /* Info.plist */ = {isa = PBXFileReference; lastKnownFileType = text.plist.xml; path = Info.plist; sourceTree = "<group>"; };
		3C1893E71BC0B2A600AEA9DD /* HelloTests.xctest */ = {isa = PBXFileReference; explicitFileType = wrapper.cfbundle; includeInIndex = 0; path = HelloTests.xctest; sourceTree = BUILT_PRODUCTS_DIR; };
		3C1893EB1BC0B2A600AEA9DD /* HelloTests.swift */ = {isa = PBXFileReference; lastKnownFileType = sourcecode.swift; path = HelloTests.swift; sourceTree = "<group>"; };
		3C1893ED1BC0B2A600AEA9DD /* Info.plist */ = {isa = PBXFileReference; lastKnownFileType = text.plist.xml; path = Info.plist; sourceTree = "<group>"; };
		3C1893F21BC0B2A600AEA9DD /* HelloUITests.xctest */ = {isa = PBXFileReference; explicitFileType = wrapper.cfbundle; includeInIndex = 0; path = HelloUITests.xctest; sourceTree = BUILT_PRODUCTS_DIR; };
		3C1893F61BC0B2A600AEA9DD /* HelloUITests.swift */ = {isa = PBXFileReference; lastKnownFileType = sourcecode.swift; path = HelloUITests.swift; sourceTree = "<group>"; };
		3C1893F81BC0B2A600AEA9DD /* Info.plist */ = {isa = PBXFileReference; lastKnownFileType = text.plist.xml; path = Info.plist; sourceTree = "<group>"; };
/* End PBXFileReference section */

/* Begin PBXFrameworksBuildPhase section */
		3C1893D01BC0B2A600AEA9DD /* Frameworks */ = {
			isa = PBXFrameworksBuildPhase;
			buildActionMask = 2147483647;
			files = (
			);
			runOnlyForDeploymentPostprocessing = 0;
		};
		3C1893E41BC0B2A600AEA9DD /* Frameworks */ = {
			isa = PBXFrameworksBuildPhase;
			buildActionMask = 2147483647;
			files = (
			);
			runOnlyForDeploymentPostprocessing = 0;
		};
		3C1893EF1BC0B2A600AEA9DD /* Frameworks */ = {
			isa = PBXFrameworksBuildPhase;
			buildActionMask = 2147483647;
			files = (
			);
			runOnlyForDeploymentPostprocessing = 0;
		};
/* End PBXFrameworksBuildPhase section */

/* Begin PBXGroup section */
		3C1893CA1BC0B2A500AEA9DD = {
			isa = PBXGroup;
			children = (
				3C1893D51BC0B2A600AEA9DD /* Hello */,
				3C1893EA1BC0B2A600AEA9DD /* HelloTests */,
				3C1893F51BC0B2A600AEA9DD /* HelloUITests */,
				3C1893D41BC0B2A600AEA9DD /* Products */,
			);
			sourceTree = "<group>";
		};
		3C1893D41BC0B2A600AEA9DD /* Products */ = {
			isa = PBXGroup;
			children = (
				3C1893D31BC0B2A600AEA9DD /* Hello.app */,
				3C1893E71BC0B2A600AEA9DD /* HelloTests.xctest */,
				3C1893F21BC0B2A600AEA9DD /* HelloUITests.xctest */,
			);
			name = Products;
			sourceTree = "<group>";
		};
		3C1893D51BC0B2A600AEA9DD /* Hello */ = {
			isa = PBXGroup;
			children = (
				3C1893D61BC0B2A600AEA9DD /* AppDelegate.swift */,
				3C1893D81BC0B2A600AEA9DD /* ViewController.swift */,
				3C1893DA1BC0B2A600AEA9DD /* Main.storyboard */,
				3C1893DD1BC0B2A600AEA9DD /* Assets.xcassets */,
				3C1893DF1BC0B2A600AEA9DD /* LaunchScreen.storyboard */,
				3C1893E21BC0B2A600AEA9DD /* Info.plist */,
			);
			path = Hello;
			sourceTree = "<group>";
		};
		3C1893EA1BC0B2A600AEA9DD /* HelloTests */ = {
			isa = PBXGroup;
			children = (
				3C1893EB1BC0B2A600AEA9DD /* HelloTests.swift */,
				3C1893ED1BC0B2A600AEA9DD /* Info.plist */,
			);
			path = HelloTests;
			sourceTree = "<group>";
		};
		3C1893F51BC0B2A600AEA9DD /* HelloUITests */ = {
			isa = PBXGroup;
			children = (
				3C1893F61BC0B2A600AEA9DD /* HelloUITests.swift */,
				3C1893F81BC0B2A600AEA9DD /* Info.plist */,
			);
			path = HelloUITests;
			sourceTree = "<group>";
		};
/* End PBXGroup section */

/* Begin PBXNativeTarget section */
		3C1893D21BC0B2A600AEA9DD /* Hello */ = {
			isa = PBXNativeTarget;
			buildConfigurationList = 3C1893FB1BC0B2A600AEA9DD /* Build configuration list for PBXNativeTarget "Hello" */;
			buildPhases = (
				3C1893CF1BC0B2A600AEA9DD /* Sources */,
				3C1893D01BC0B2A600AEA9DD /* Frameworks */,
				3C1893D11BC0B2A600AEA9DD /* Resources */,
			);
			buildRules = (
			);
			dependencies = (
			);
			name = Hello;
			productName = Hello;
			productReference = 3C1893D31BC0B2A600AEA9DD /* Hello.app */;
			productType = "com.apple.product-type.application";
		};
		3C1893E61BC0B2A600AEA9DD /* HelloTests */ = {
			isa = PBXNativeTarget;
			buildConfigurationList = 3C1893FE1BC0B2A600AEA9DD /* Build configuration list for PBXNativeTarget "HelloTests" */;
			buildPhases = (
				3C1893E31BC0B2A600AEA9DD /* Sources */,
				3C1893E41BC0B2A600AEA9DD /* Frameworks */,
				3C1893E51BC0B2A600AEA9DD /* Resources */,
			);
			buildRules = (
			);
			dependencies = (
				3C1893E91BC0B2A600AEA9DD /* PBXTargetDependency */,
			);
			name = HelloTests;
			productName = HelloTests;
			productReference = 3C1893E71BC0B2A600AEA9DD /* HelloTests.xctest */;
			productType = "com.apple.product-type.bundle.unit-test";
		};
		3C1893F11BC0B2A600AEA9DD /* HelloUITests */ = {
			isa = PBXNativeTarget;
			buildConfigurationList = 3C1894011BC0B2A600AEA9DD /* Build configuration list for PBXNativeTarget "HelloUITests" */;
			buildPhases = (
				3C1893EE1BC0B2A600AEA9DD /* Sources */,
				3C1893EF1BC0B2A600AEA9DD /* Frameworks */,
				3C1893F01BC0B2A600AEA9DD /* Resources */,
			);
			buildRules = (
			);
			dependencies = (
				3C1893F41BC0B2A600AEA9DD /* PBXTargetDependency */,
			);
			name = HelloUITests;
			productName = HelloUITests;
			productReference = 3C1893F21BC0B2A600AEA9DD /* HelloUITests.xctest */;
			productType = "com.apple.product-type.bundle.ui-testing";
		};
/* End PBXNativeTarget section */

/* Begin PBXProject section */
		3C1893CB1BC0B2A500AEA9DD /* Project object */ = {
			isa = PBXProject;
			attributes = {
				LastUpgradeCheck = 0700;
				ORGANIZATIONNAME = Vivian;
				TargetAttributes = {
					3C1893D21BC0B2A600AEA9DD = {
						CreatedOnToolsVersion = 7.0.1;
					};
					3C1893E61BC0B2A600AEA9DD = {
						CreatedOnToolsVersion = 7.0.1;
						TestTargetID = 3C1893D21BC0B2A600AEA9DD;
					};
					3C1893F11BC0B2A600AEA9DD = {
						CreatedOnToolsVersion = 7.0.1;
						TestTargetID = 3C1893D21BC0B2A600AEA9DD;
					};
				};
			};
			buildConfigurationList = 3C1893CE1BC0B2A500AEA9DD /* Build configuration list for PBXProject "Hello" */;
			compatibilityVersion = "Xcode 3.2";
			developmentRegion = English;
			hasScannedForEncodings = 0;
			knownRegions = (
				en,
				Base,
			);
			mainGroup = 3C1893CA1BC0B2A500AEA9DD;
			productRefGroup = 3C1893D41BC0B2A600AEA9DD /* Products */;
			projectDirPath = "";
			projectRoot = "";
			targets = (
				3C1893D21BC0B2A600AEA9DD /* Hello */,
				3C1893E61BC0B2A600AEA9DD /* HelloTests */,
				3C1893F11BC0B2A600AEA9DD /* HelloUITests */,
			);
		};
/* End PBXProject section */

/* Begin PBXResourcesBuildPhase section */
		3C1893D11BC0B2A600AEA9DD /* Resources */ = {
			isa = PBXResourcesBuildPhase;
			buildActionMask = 2147483647;
			files = (
				3C1893E11BC0B2A600AEA9DD /* LaunchScreen.storyboard in Resources */,
				3C1893DE1BC0B2A600AEA9DD /* Assets.xcassets in Resources */,
				3C1893DC1BC0B2A600AEA9DD /* Main.storyboard in Resources */,
			);
			runOnlyForDeploymentPostprocessing = 0;
		};
		3C1893E51BC0B2A600AEA9DD /* Resources */ = {
			isa = PBXResourcesBuildPhase;
			buildActionMask = 2147483647;
			files = (
			);
			runOnlyForDeploymentPostprocessing = 0;
		};
		3C1893F01BC0B2A600AEA9DD /* Resources */ = {
			isa = PBXResourcesBuildPhase;
			buildActionMask = 2147483647;
			files = (
			);
			runOnlyForDeploymentPostprocessing = 0;
		};
/* End PBXResourcesBuildPhase section */

/* Begin PBXSourcesBuildPhase section */
		3C1893CF1BC0B2A600AEA9DD /* Sources */ = {
			isa = PBXSourcesBuildPhase;
			buildActionMask = 2147483647;
			files = (
				3C1893D91BC0B2A600AEA9DD /* ViewController.swift in Sources */,
				3C1893D71BC0B2A600AEA9DD /* AppDelegate.swift in Sources */,
			);
			runOnlyForDeploymentPostprocessing = 0;
		};
		3C1893E31BC0B2A600AEA9DD /* Sources */ = {
			isa = PBXSourcesBuildPhase;
			buildActionMask = 2147483647;
			files = (
				3C1893EC1BC0B2A600AEA9DD /* HelloTests.swift in Sources */,
			);
			runOnlyForDeploymentPostprocessing = 0;
		};
		3C1893EE1BC0B2A600AEA9DD /* Sources */ = {
			isa = PBXSourcesBuildPhase;
			buildActionMask = 2147483647;
			files = (
				3C1893F71BC0B2A600AEA9DD /* HelloUITests.swift in Sources */,
			);
			runOnlyForDeploymentPostprocessing = 0;
		};
/* End PBXSourcesBuildPhase section */

/* Begin PBXTargetDependency section */
		3C1893E91BC0B2A600AEA9DD /* PBXTargetDependency */ = {
			isa = PBXTargetDependency;
			target = 3C1893D21BC0B2A600AEA9DD /* Hello */;
			targetProxy = 3C1893E81BC0B2A600AEA9DD /* PBXContainerItemProxy */;
		};
		3C1893F41BC0B2A600AEA9DD /* PBXTargetDependency */ = {
			isa = PBXTargetDependency;
			target = 3C1893D21BC0B2A600AEA9DD /* Hello */;
			targetProxy = 3C1893F31BC0B2A600AEA9DD /* PBXContainerItemProxy */;
		};
/* End PBXTargetDependency section */

/* Begin PBXVariantGroup section */
		3C1893DA1BC0B2A600AEA9DD /* Main.storyboard */ = {
			isa = PBXVariantGroup;
			children = (
				3C1893DB1BC0B2A600AEA9DD /* Base */,
			);
			name = Main.storyboard;
			sourceTree = "<group>";
		};
		3C1893DF1BC0B2A600AEA9DD /* LaunchScreen.storyboard */ = {
			isa = PBXVariantGroup;
			children = (
				3C1893E01BC0B2A600AEA9DD /* Base */,
			);
			name = LaunchScreen.storyboard;
			sourceTree = "<group>";
		};
/* End PBXVariantGroup section */

/* Begin XCBuildConfiguration section */
		3C1893F91BC0B2A600AEA9DD /* Debug */ = {
			isa = XCBuildConfiguration;
			buildSettings = {
				ALWAYS_SEARCH_USER_PATHS = NO;
				CLANG_CXX_LANGUAGE_STANDARD = "gnu++0x";
				CLANG_CXX_LIBRARY = "libc++";
				CLANG_ENABLE_MODULES = YES;
				CLANG_ENABLE_OBJC_ARC = YES;
				CLANG_WARN_BOOL_CONVERSION = YES;
				CLANG_WARN_CONSTANT_CONVERSION = YES;
				CLANG_WARN_DIRECT_OBJC_ISA_USAGE = YES_ERROR;
				CLANG_WARN_EMPTY_BODY = YES;
				CLANG_WARN_ENUM_CONVERSION = YES;
				CLANG_WARN_INT_CONVERSION = YES;
				CLANG_WARN_OBJC_ROOT_CLASS = YES_ERROR;
				CLANG_WARN_UNREACHABLE_CODE = YES;
				CLANG_WARN__DUPLICATE_METHOD_MATCH = YES;
				"CODE_SIGN_IDENTITY[sdk=iphoneos*]" = "iPhone Developer";
				COPY_PHASE_STRIP = NO;
				DEBUG_INFORMATION_FORMAT = dwarf;
				ENABLE_STRICT_OBJC_MSGSEND = YES;
				ENABLE_TESTABILITY = YES;
				GCC_C_LANGUAGE_STANDARD = gnu99;
				GCC_DYNAMIC_NO_PIC = NO;
				GCC_NO_COMMON_BLOCKS = YES;
				GCC_OPTIMIZATION_LEVEL = 0;
				GCC_PREPROCESSOR_DEFINITIONS = (
					"DEBUG=1",
					"$(inherited)",
				);
				GCC_WARN_64_TO_32_BIT_CONVERSION = YES;
				GCC_WARN_ABOUT_RETURN_TYPE = YES_ERROR;
				GCC_WARN_UNDECLARED_SELECTOR = YES;
				GCC_WARN_UNINITIALIZED_AUTOS = YES_AGGRESSIVE;
				GCC_WARN_UNUSED_FUNCTION = YES;
				GCC_WARN_UNUSED_VARIABLE = YES;
				IPHONEOS_DEPLOYMENT_TARGET = 9.0;
				MTL_ENABLE_DEBUG_INFO = YES;
				ONLY_ACTIVE_ARCH = YES;
				SDKROOT = iphoneos;
				SWIFT_OPTIMIZATION_LEVEL = "-Onone";
				TARGETED_DEVICE_FAMILY = "1,2";
			};
			name = Debug;
		};
		3C1893FA1BC0B2A600AEA9DD /* Release */ = {
			isa = XCBuildConfiguration;
			buildSettings = {
				ALWAYS_SEARCH_USER_PATHS = NO;
				CLANG_CXX_LANGUAGE_STANDARD = "gnu++0x";
				CLANG_CXX_LIBRARY = "libc++";
				CLANG_ENABLE_MODULES = YES;
				CLANG_ENABLE_OBJC_ARC = YES;
				CLANG_WARN_BOOL_CONVERSION = YES;
				CLANG_WARN_CONSTANT_CONVERSION = YES;
				CLANG_WARN_DIRECT_OBJC_ISA_USAGE = YES_ERROR;
				CLANG_WARN_EMPTY_BODY = YES;
				CLANG_WARN_ENUM_CONVERSION = YES;
				CLANG_WARN_INT_CONVERSION = YES;
				CLANG_WARN_OBJC_ROOT_CLASS = YES_ERROR;
				CLANG_WARN_UNREACHABLE_CODE = YES;
				CLANG_WARN__DUPLICATE_METHOD_MATCH = YES;
				"CODE_SIGN_IDENTITY[sdk=iphoneos*]" = "iPhone Developer";
				COPY_PHASE_STRIP = NO;
				DEBUG_INFORMATION_FORMAT = "dwarf-with-dsym";
				ENABLE_NS_ASSERTIONS = NO;
				ENABLE_STRICT_OBJC_MSGSEND = YES;
				GCC_C_LANGUAGE_STANDARD = gnu99;
				GCC_NO_COMMON_BLOCKS = YES;
				GCC_WARN_64_TO_32_BIT_CONVERSION = YES;
				GCC_WARN_ABOUT_RETURN_TYPE = YES_ERROR;
				GCC_WARN_UNDECLARED_SELECTOR = YES;
				GCC_WARN_UNINITIALIZED_AUTOS = YES_AGGRESSIVE;
				GCC_WARN_UNUSED_FUNCTION = YES;
				GCC_WARN_UNUSED_VARIABLE = YES;
				IPHONEOS_DEPLOYMENT_TARGET = 9.0;
				MTL_ENABLE_DEBUG_INFO = NO;
				SDKROOT = iphoneos;
				TARGETED_DEVICE_FAMILY = "1,2";
				VALIDATE_PRODUCT = YES;
			};
			name = Release;
		};
		3C1893FC1BC0B2A600AEA9DD /* Debug */ = {
			isa = XCBuildConfiguration;
			buildSettings = {
				ASSETCATALOG_COMPILER_APPICON_NAME = AppIcon;
				INFOPLIST_FILE = Hello/Info.plist;
				LD_RUNPATH_SEARCH_PATHS = "$(inherited) @executable_path/Frameworks";
				PRODUCT_BUNDLE_IDENTIFIER = edu.uw.vwteng.Hello;
				PRODUCT_NAME = "$(TARGET_NAME)";
			};
			name = Debug;
		};
		3C1893FD1BC0B2A600AEA9DD /* Release */ = {
			isa = XCBuildConfiguration;
			buildSettings = {
				ASSETCATALOG_COMPILER_APPICON_NAME = AppIcon;
				INFOPLIST_FILE = Hello/Info.plist;
				LD_RUNPATH_SEARCH_PATHS = "$(inherited) @executable_path/Frameworks";
				PRODUCT_BUNDLE_IDENTIFIER = edu.uw.vwteng.Hello;
				PRODUCT_NAME = "$(TARGET_NAME)";
			};
			name = Release;
		};
		3C1893FF1BC0B2A600AEA9DD /* Debug */ = {
			isa = XCBuildConfiguration;
			buildSettings = {
				BUNDLE_LOADER = "$(TEST_HOST)";
				INFOPLIST_FILE = HelloTests/Info.plist;
				LD_RUNPATH_SEARCH_PATHS = "$(inherited) @executable_path/Frameworks @loader_path/Frameworks";
				PRODUCT_BUNDLE_IDENTIFIER = edu.uw.vwteng.HelloTests;
				PRODUCT_NAME = "$(TARGET_NAME)";
				TEST_HOST = "$(BUILT_PRODUCTS_DIR)/Hello.app/Hello";
			};
			name = Debug;
		};
		3C1894001BC0B2A600AEA9DD /* Release */ = {
			isa = XCBuildConfiguration;
			buildSettings = {
				BUNDLE_LOADER = "$(TEST_HOST)";
				INFOPLIST_FILE = HelloTests/Info.plist;
				LD_RUNPATH_SEARCH_PATHS = "$(inherited) @executable_path/Frameworks @loader_path/Frameworks";
				PRODUCT_BUNDLE_IDENTIFIER = edu.uw.vwteng.HelloTests;
				PRODUCT_NAME = "$(TARGET_NAME)";
				TEST_HOST = "$(BUILT_PRODUCTS_DIR)/Hello.app/Hello";
			};
			name = Release;
		};
		3C1894021BC0B2A600AEA9DD /* Debug */ = {
			isa = XCBuildConfiguration;
			buildSettings = {
				INFOPLIST_FILE = HelloUITests/Info.plist;
				LD_RUNPATH_SEARCH_PATHS = "$(inherited) @executable_path/Frameworks @loader_path/Frameworks";
				PRODUCT_BUNDLE_IDENTIFIER = edu.uw.vwteng.HelloUITests;
				PRODUCT_NAME = "$(TARGET_NAME)";
				TEST_TARGET_NAME = Hello;
				USES_XCTRUNNER = YES;
			};
			name = Debug;
		};
		3C1894031BC0B2A600AEA9DD /* Release */ = {
			isa = XCBuildConfiguration;
			buildSettings = {
				INFOPLIST_FILE = HelloUITests/Info.plist;
				LD_RUNPATH_SEARCH_PATHS = "$(inherited) @executable_path/Frameworks @loader_path/Frameworks";
				PRODUCT_BUNDLE_IDENTIFIER = edu.uw.vwteng.HelloUITests;
				PRODUCT_NAME = "$(TARGET_NAME)";
				TEST_TARGET_NAME = Hello;
				USES_XCTRUNNER = YES;
			};
			name = Release;
		};
/* End XCBuildConfiguration section */

/* Begin XCConfigurationList section */
		3C1893CE1BC0B2A500AEA9DD /* Build configuration list for PBXProject "Hello" */ = {
			isa = XCConfigurationList;
			buildConfigurations = (
				3C1893F91BC0B2A600AEA9DD /* Debug */,
				3C1893FA1BC0B2A600AEA9DD /* Release */,
			);
			defaultConfigurationIsVisible = 0;
			defaultConfigurationName = Release;
		};
		3C1893FB1BC0B2A600AEA9DD /* Build configuration list for PBXNativeTarget "Hello" */ = {
			isa = XCConfigurationList;
			buildConfigurations = (
				3C1893FC1BC0B2A600AEA9DD /* Debug */,
				3C1893FD1BC0B2A600AEA9DD /* Release */,
			);
			defaultConfigurationIsVisible = 0;
		};
		3C1893FE1BC0B2A600AEA9DD /* Build configuration list for PBXNativeTarget "HelloTests" */ = {
			isa = XCConfigurationList;
			buildConfigurations = (
				3C1893FF1BC0B2A600AEA9DD /* Debug */,
				3C1894001BC0B2A600AEA9DD /* Release */,
			);
			defaultConfigurationIsVisible = 0;
		};
		3C1894011BC0B2A600AEA9DD /* Build configuration list for PBXNativeTarget "HelloUITests" */ = {
			isa = XCConfigurationList;
			buildConfigurations = (
				3C1894021BC0B2A600AEA9DD /* Debug */,
				3C1894031BC0B2A600AEA9DD /* Release */,
			);
			defaultConfigurationIsVisible = 0;
		};
/* End XCConfigurationList section */
	};
	rootObject = 3C1893CB1BC0B2A500AEA9DD /* Project object */;
}
